
Microsoft Visual Studio Solution File, Format Version 12.00
# Visual Studio 2012
Project("{FAE04EC0-301F-11D3-BF4B-00C04F79EFBC}") = "PartialDivSample", "PartialDivSample\PartialDivSample.csproj", "{9B084FC0-A97B-4AF1-83A1-3A2095203D97}"
EndProject
Global
	GlobalSection(SolutionConfigurationPlatforms) = preSolution
		Debug|Any CPU = Debug|Any CPU
		Release|Any CPU = Release|Any CPU
	EndGlobalSection
	GlobalSection(ProjectConfigurationPlatforms) = postSolution
		{9B084FC0-A97B-4AF1-83A1-3A2095203D97}.Debug|Any CPU.ActiveCfg = Debug|Any CPU
		{9B084FC0-A97B-4AF1-83A1-3A2095203D97}.Debug|Any CPU.Build.0 = Debug|Any CPU
		{9B084FC0-A97B-4AF1-83A1-3A2095203D97}.Release|Any CPU.ActiveCfg = Release|Any CPU
		{9B084FC0-A97B-4AF1-83A1-3A2095203D97}.Release|Any CPU.Build.0 = Release|Any CPU
	EndGlobalSection
	GlobalSection(SolutionProperties) = preSolution
		HideSolutionNode = FALSE
	EndGlobalSection
EndGlobal
